
Microsoft Visual Studio Solution File, Format Version 12.00
# Visual Studio 2012
Project("{8BC9CEB8-8B4A-11D0-8D11-00A0C91BC942}") = "MFC_Login", "MFC_Login\MFC_Login.vcxproj", "{A8155BE1-25B4-466F-B998-59ECCFA3B539}"
EndProject
Global
	GlobalSection(SolutionConfigurationPlatforms) = preSolution
		Debug|Win32 = Debug|Win32
		Release|Win32 = Release|Win32
	EndGlobalSection
	GlobalSection(ProjectConfigurationPlatforms) = postSolution
		{A8155BE1-25B4-466F-B998-59ECCFA3B539}.Debug|Win32.ActiveCfg = Debug|Win32
		{A8155BE1-25B4-466F-B998-59ECCFA3B539}.Debug|Win32.Build.0 = Debug|Win32
		{A8155BE1-25B4-466F-B998-59ECCFA3B539}.Release|Win32.ActiveCfg = Release|Win32
		{A8155BE1-25B4-466F-B998-59ECCFA3B539}.Release|Win32.Build.0 = Release|Win32
	EndGlobalSection
	GlobalSection(SolutionProperties) = preSolution
		HideSolutionNode = FALSE
	EndGlobalSection
	GlobalSection(Performance) = preSolution
		HasPerformanceSessions = true
	EndGlobalSection
EndGlobal
